
Microsoft Visual Studio Solution File, Format Version 12.00
# Visual Studio Version 16
VisualStudioVersion = 16.0.29201.188
MinimumVisualStudioVersion = 10.0.40219.1
Project("{FAE04EC0-301F-11D3-BF4B-00C04F79EFBC}") = "Infrastructure.NET40", "Infrastructure.NET40\Infrastructure.NET40.csproj", "{D3B4E217-4209-4B09-808B-222601751BD5}"
EndProject
Project("{FAE04EC0-301F-11D3-BF4B-00C04F79EFBC}") = "Infrastructure.NET40.Tests", "Infrastructure.NET40.Tests\Infrastructure.NET40.Tests.csproj", "{8EDF4429-251A-416D-BB68-93F227191BCF}"
EndProject
Project("{FAE04EC0-301F-11D3-BF4B-00C04F79EFBC}") = "Infrastructure.NETSTANDARD20", "Infrastructure.NETSTANDARD20\Infrastructure.NETSTANDARD20.csproj", "{037AA7CE-1C35-4C88-AFD6-1E6DC83C0AC5}"
EndProject
Global
	GlobalSection(SolutionConfigurationPlatforms) = preSolution
		Debug|Any CPU = Debug|Any CPU
		Release|Any CPU = Release|Any CPU
	EndGlobalSection
	GlobalSection(ProjectConfigurationPlatforms) = postSolution
		{D3B4E217-4209-4B09-808B-222601751BD5}.Debug|Any CPU.ActiveCfg = Debug|Any CPU
		{D3B4E217-4209-4B09-808B-222601751BD5}.Debug|Any CPU.Build.0 = Debug|Any CPU
		{D3B4E217-4209-4B09-808B-222601751BD5}.Release|Any CPU.ActiveCfg = Release|Any CPU
		{D3B4E217-4209-4B09-808B-222601751BD5}.Release|Any CPU.Build.0 = Release|Any CPU
		{8EDF4429-251A-416D-BB68-93F227191BCF}.Debug|Any CPU.ActiveCfg = Debug|Any CPU
		{8EDF4429-251A-416D-BB68-93F227191BCF}.Debug|Any CPU.Build.0 = Debug|Any CPU
		{8EDF4429-251A-416D-BB68-93F227191BCF}.Release|Any CPU.ActiveCfg = Release|Any CPU
		{8EDF4429-251A-416D-BB68-93F227191BCF}.Release|Any CPU.Build.0 = Release|Any CPU
		{037AA7CE-1C35-4C88-AFD6-1E6DC83C0AC5}.Debug|Any CPU.ActiveCfg = Debug|Any CPU
		{037AA7CE-1C35-4C88-AFD6-1E6DC83C0AC5}.Debug|Any CPU.Build.0 = Debug|Any CPU
		{037AA7CE-1C35-4C88-AFD6-1E6DC83C0AC5}.Release|Any CPU.ActiveCfg = Release|Any CPU
		{037AA7CE-1C35-4C88-AFD6-1E6DC83C0AC5}.Release|Any CPU.Build.0 = Release|Any CPU
	EndGlobalSection
	GlobalSection(SolutionProperties) = preSolution
		HideSolutionNode = FALSE
	EndGlobalSection
	GlobalSection(ExtensibilityGlobals) = postSolution
		SolutionGuid = {FFFF4E2E-9B0F-4734-93BB-1BCAD36A7840}
	EndGlobalSection
EndGlobal
